{
  "name": "dogs-api",
  "version": "1.0.0",
  "lockfileVersion": 3,
  "requires": true,
  "packages": {
    "": {
      "name": "dogs-api",
      "version": "1.0.0",
      "license": "ISC",
      "dependencies": {
        "browserify-sign": "^3.0.8"
      }
    },
    "node_modules/asn1.js": {
      "version": "2.2.1",
      "resolved": "https://artifactory.infrateam.xyz:443/artifactory/api/npm/npm/asn1.js/-/asn1.js-2.2.1.tgz",
      "integrity": "sha512-x1HxYATfjnV+SrtHZR9rxzRvTgZaGAtT/nJB3TPmBxtoEVQVRPArNSzCA+1fVYlHYV/zmMLUJhtZVRcn7WMjfQ==",
      "license": "MIT",
      "dependencies": {
        "bn.js": "^2.0.0",
        "inherits": "^2.0.1",
        "minimalistic-assert": "^1.0.0"
      }
    },
    "node_modules/bn.js": {
      "version": "2.2.0",
      "resolved": "https://artifactory.infrateam.xyz:443/artifactory/api/npm/npm/bn.js/-/bn.js-2.2.0.tgz",
      "integrity": "sha512-nlotTGN6qr+NpeCb8d5mdXR47r6GXiyoX4fEeqBF2u9wp/3XgzIwyftMX9TE+StQRJSOUJtyYr9MVk0rn2ftAg==",
      "license": "MIT"
    },
    "node_modules/brorand": {
      "version": "1.1.0",
      "resolved": "https://artifactory.infrateam.xyz:443/artifactory/api/npm/npm/brorand/-/brorand-1.1.0.tgz",
      "integrity": "sha512-cKV8tMCEpQs4hK/ik71d6LrPOnpkpGBR0wzxqr68g2m/LB2GxVYQroAjMJZRVM1Y4BCjCKc3vAamxSzOY2RP+w==",
      "license": "MIT"
    },
    "node_modules/browserify-aes": {
      "version": "1.2.0",
      "resolved": "https://artifactory.infrateam.xyz:443/artifactory/api/npm/npm/browserify-aes/-/browserify-aes-1.2.0.tgz",
      "integrity": "sha512-+7CHXqGuspUn/Sl5aO7Ea0xWGAtETPXNSAjHo48JfLdPWcMng33Xe4znFvQweqc/uzk5zSOI3H52CYnjCfb5hA==",
      "license": "MIT",
      "dependencies": {
        "buffer-xor": "^1.0.3",
        "cipher-base": "^1.0.0",
        "create-hash": "^1.1.0",
        "evp_bytestokey": "^1.0.3",
        "inherits": "^2.0.1",
        "safe-buffer": "^5.0.1"
      }
    },
    "node_modules/browserify-rsa": {
      "version": "2.0.1",
      "resolved": "https://artifactory.infrateam.xyz:443/artifactory/api/npm/npm/browserify-rsa/-/browserify-rsa-2.0.1.tgz",
      "integrity": "sha512-Hxn2Awg8jdYfktFZF1QP2XSHG87JHodFcuiJwGFyMiK1cq9K4VaZDwHyooc8BS7Kv8LbFWKBiZb0gfaLgeXmUg==",
      "license": "MIT",
      "dependencies": {
        "bn.js": "^2.0.0",
        "randombytes": "^2.0.1"
      }
    },
    "node_modules/browserify-sign": {
      "version": "3.0.8",
      "resolved": "https://artifactory.infrateam.xyz:443/artifactory/api/npm/npm/browserify-sign/-/browserify-sign-3.0.8.tgz",
      "integrity": "sha512-c5N6f+I65oRHKiIBa3Dqs6l16XUZlUX4o7qsK4PkPGWPQcCK+wsGLKmZtIMJ2fTHq6TM8gUhMhcjkx2sy9KvhA==",
      "license": "ISC",
      "dependencies": {
        "bn.js": "^2.0.0",
        "browserify-rsa": "^2.0.0",
        "create-hash": "^1.1.0",
        "create-hmac": "^1.1.2",
        "elliptic": "^3.0.0",
        "inherits": "^2.0.1",
        "parse-asn1": "^3.0.0"
      }
    },
    "node_modules/buffer-xor": {
      "version": "1.0.3",
      "resolved": "https://artifactory.infrateam.xyz:443/artifactory/api/npm/npm/buffer-xor/-/buffer-xor-1.0.3.tgz",
      "integrity": "sha512-571s0T7nZWK6vB67HI5dyUF7wXiNcfaPPPTl6zYCNApANjIvYJTg7hlud/+cJpdAhS7dVzqMLmfhfHR3rAcOjQ==",
      "license": "MIT"
    },
    "node_modules/cipher-base": {
      "version": "1.0.4",
      "resolved": "https://artifactory.infrateam.xyz:443/artifactory/api/npm/npm/cipher-base/-/cipher-base-1.0.4.tgz",
      "integrity": "sha512-Kkht5ye6ZGmwv40uUDZztayT2ThLQGfnj/T71N/XzeZeo3nf8foyW7zGTsPYkEya3m5f3cAypH+qe7YOrM1U2Q==",
      "license": "MIT",
      "dependencies": {
        "inherits": "^2.0.1",
        "safe-buffer": "^5.0.1"
      }
    },
    "node_modules/create-hash": {
      "version": "1.2.0",
      "resolved": "https://artifactory.infrateam.xyz:443/artifactory/api/npm/npm/create-hash/-/create-hash-1.2.0.tgz",
      "integrity": "sha512-z00bCGNHDG8mHAkP7CtT1qVu+bFQUPjYq/4Iv3C3kWjTFV10zIjfSoeqXo9Asws8gwSHDGj/hl2u4OGIjapeCg==",
      "license": "MIT",
      "dependencies": {
        "cipher-base": "^1.0.1",
        "inherits": "^2.0.1",
        "md5.js": "^1.3.4",
        "ripemd160": "^2.0.1",
        "sha.js": "^2.4.0"
      }
    },
    "node_modules/create-hmac": {
      "version": "1.1.7",
      "resolved": "https://artifactory.infrateam.xyz:443/artifactory/api/npm/npm/create-hmac/-/create-hmac-1.1.7.tgz",
      "integrity": "sha512-MJG9liiZ+ogc4TzUwuvbER1JRdgvUFSB5+VR/g5h82fGaIRWMWddtKBHi7/sVhfjQZ6SehlyhvQYrcYkaUIpLg==",
      "license": "MIT",
      "dependencies": {
        "cipher-base": "^1.0.3",
        "create-hash": "^1.1.0",
        "inherits": "^2.0.1",
        "ripemd160": "^2.0.0",
        "safe-buffer": "^5.0.1",
        "sha.js": "^2.4.8"
      }
    },
    "node_modules/elliptic": {
      "version": "3.1.0",
      "resolved": "https://artifactory.infrateam.xyz:443/artifactory/api/npm/npm/elliptic/-/elliptic-3.1.0.tgz",
      "integrity": "sha512-kjzyQvz5tdIrz+O8EAaDU5oeICcg5mMevSFEEi/cprAl1GID1BoV/1tpRu56rDJ6tiXM2b+ZKh3mNrVhA3Y/2Q==",
      "license": "MIT",
      "dependencies": {
        "bn.js": "^2.0.3",
        "brorand": "^1.0.1",
        "hash.js": "^1.0.0",
        "inherits": "^2.0.1"
      }
    },
    "node_modules/evp_bytestokey": {
      "version": "1.0.3",
      "resolved": "https://artifactory.infrateam.xyz:443/artifactory/api/npm/npm/evp_bytestokey/-/evp_bytestokey-1.0.3.tgz",
      "integrity": "sha512-/f2Go4TognH/KvCISP7OUsHn85hT9nUkxxA9BEWxFn+Oj9o8ZNLm/40hdlgSLyuOimsrTKLUMEorQexp/aPQeA==",
      "license": "MIT",
      "dependencies": {
        "md5.js": "^1.3.4",
        "safe-buffer": "^5.1.1"
      }
    },
    "node_modules/hash-base": {
      "version": "3.1.0",
      "resolved": "https://artifactory.infrateam.xyz:443/artifactory/api/npm/npm/hash-base/-/hash-base-3.1.0.tgz",
      "integrity": "sha512-1nmYp/rhMDiE7AYkDw+lLwlAzz0AntGIe51F3RfFfEqyQ3feY2eI/NcwC6umIQVOASPMsWJLJScWKSSvzL9IVA==",
      "license": "MIT",
      "dependencies": {
        "inherits": "^2.0.4",
        "readable-stream": "^3.6.0",
        "safe-buffer": "^5.2.0"
      },
      "engines": {
        "node": ">=4"
      }
    },
    "node_modules/hash.js": {
      "version": "1.1.7",
      "resolved": "https://artifactory.infrateam.xyz:443/artifactory/api/npm/npm/hash.js/-/hash.js-1.1.7.tgz",
      "integrity": "sha512-taOaskGt4z4SOANNseOviYDvjEJinIkRgmp7LbKP2YTTmVxWBl87s/uzK9r+44BclBSp2X7K1hqeNfz9JbBeXA==",
      "license": "MIT",
      "dependencies": {
        "inherits": "^2.0.3",
        "minimalistic-assert": "^1.0.1"
      }
    },
    "node_modules/inherits": {
      "version": "2.0.4",
      "resolved": "https://artifactory.infrateam.xyz:443/artifactory/api/npm/npm/inherits/-/inherits-2.0.4.tgz",
      "integrity": "sha512-k/vGaX4/Yla3WzyMCvTQOXYeIHvqOKtnqBduzTHpzpQZzAskKMhZ2K+EnBiSM9zGSoIFeMpXKxa4dYeZIQqewQ==",
      "license": "ISC"
    },
    "node_modules/md5.js": {
      "version": "1.3.5",
      "resolved": "https://artifactory.infrateam.xyz:443/artifactory/api/npm/npm/md5.js/-/md5.js-1.3.5.tgz",
      "integrity": "sha512-xitP+WxNPcTTOgnTJcrhM0xvdPepipPSf3I8EIpGKeFLjt3PlJLIDG3u8EX53ZIubkb+5U2+3rELYpEhHhzdkg==",
      "license": "MIT",
      "dependencies": {
        "hash-base": "^3.0.0",
        "inherits": "^2.0.1",
        "safe-buffer": "^5.1.2"
      }
    },
    "node_modules/minimalistic-assert": {
      "version": "1.0.1",
      "resolved": "https://artifactory.infrateam.xyz:443/artifactory/api/npm/npm/minimalistic-assert/-/minimalistic-assert-1.0.1.tgz",
      "integrity": "sha512-UtJcAD4yEaGtjPezWuO9wC4nwUnVH/8/Im3yEHQP4b67cXlD/Qr9hdITCU1xDbSEXg2XKNaP8jsReV7vQd00/A==",
      "license": "ISC"
    },
    "node_modules/parse-asn1": {
      "version": "3.0.2",
      "resolved": "https://artifactory.infrateam.xyz:443/artifactory/api/npm/npm/parse-asn1/-/parse-asn1-3.0.2.tgz",
      "integrity": "sha512-EDnAWJLzWhm3FojE40veYuvn+5MSPCyWfxLhqNETmgA+fec7FMnnw9vUWlCoXJHj5/1rZmvlAjwUc+p081IfKg==",
      "license": "ISC",
      "dependencies": {
        "asn1.js": "^2.0.0",
        "browserify-aes": "^1.0.0",
        "create-hash": "^1.1.0",
        "evp_bytestokey": "^1.0.0",
        "pbkdf2": "^3.0.3"
      }
    },
    "node_modules/pbkdf2": {
      "version": "3.1.2",
      "resolved": "https://artifactory.infrateam.xyz:443/artifactory/api/npm/npm/pbkdf2/-/pbkdf2-3.1.2.tgz",
      "integrity": "sha512-iuh7L6jA7JEGu2WxDwtQP1ddOpaJNC4KlDEFfdQajSGgGPNi4OyDc2R7QnbY2bR9QjBVGwgvTdNJZoE7RaxUMA==",
      "license": "MIT",
      "dependencies": {
        "create-hash": "^1.1.2",
        "create-hmac": "^1.1.4",
        "ripemd160": "^2.0.1",
        "safe-buffer": "^5.0.1",
        "sha.js": "^2.4.8"
      },
      "engines": {
        "node": ">=0.12"
      }
    },
    "node_modules/randombytes": {
      "version": "2.1.0",
      "resolved": "https://artifactory.infrateam.xyz:443/artifactory/api/npm/npm/randombytes/-/randombytes-2.1.0.tgz",
      "integrity": "sha512-vYl3iOX+4CKUWuxGi9Ukhie6fsqXqS9FE2Zaic4tNFD2N2QQaXOMFbuKK4QmDHC0JO6B1Zp41J0LpT0oR68amQ==",
      "license": "MIT",
      "dependencies": {
        "safe-buffer": "^5.1.0"
      }
    },
    "node_modules/readable-stream": {
      "version": "3.6.2",
      "resolved": "https://artifactory.infrateam.xyz:443/artifactory/api/npm/npm/readable-stream/-/readable-stream-3.6.2.tgz",
      "integrity": "sha512-9u/sniCrY3D5WdsERHzHE4G2YCXqoG5FTHUiCC4SIbr6XcLZBY05ya9EKjYek9O5xOAwjGq+1JdGBAS7Q9ScoA==",
      "license": "MIT",
      "dependencies": {
        "inherits": "^2.0.3",
        "string_decoder": "^1.1.1",
        "util-deprecate": "^1.0.1"
      },
      "engines": {
        "node": ">= 6"
      }
    },
    "node_modules/ripemd160": {
      "version": "2.0.2",
      "resolved": "https://artifactory.infrateam.xyz:443/artifactory/api/npm/npm/ripemd160/-/ripemd160-2.0.2.tgz",
      "integrity": "sha512-ii4iagi25WusVoiC4B4lq7pbXfAp3D9v5CwfkY33vffw2+pkDjY1D8GaN7spsxvCSx8dkPqOZCEZyfxcmJG2IA==",
      "license": "MIT",
      "dependencies": {
        "hash-base": "^3.0.0",
        "inherits": "^2.0.1"
      }
    },
    "node_modules/safe-buffer": {
      "version": "5.2.1",
      "resolved": "https://artifactory.infrateam.xyz:443/artifactory/api/npm/npm/safe-buffer/-/safe-buffer-5.2.1.tgz",
      "integrity": "sha512-rp3So07KcdmmKbGvgaNxQSJr7bGVSVk5S9Eq1F+ppbRo70+YeaDxkw5Dd8NPN+GD6bjnYm2VuPuCXmpuYvmCXQ==",
      "funding": [
        {
          "type": "github",
          "url": "https://github.com/sponsors/feross"
        },
        {
          "type": "patreon",
          "url": "https://www.patreon.com/feross"
        },
        {
          "type": "consulting",
          "url": "https://feross.org/support"
        }
      ],
      "license": "MIT"
    },
    "node_modules/sha.js": {
      "version": "2.4.11",
      "resolved": "https://artifactory.infrateam.xyz:443/artifactory/api/npm/npm/sha.js/-/sha.js-2.4.11.tgz",
      "integrity": "sha512-QMEp5B7cftE7APOjk5Y6xgrbWu+WkLVQwk8JNjZ8nKRciZaByEW6MubieAiToS7+dwvrjGhH8jRXz3MVd0AYqQ==",
      "license": "(MIT AND BSD-3-Clause)",
      "dependencies": {
        "inherits": "^2.0.1",
        "safe-buffer": "^5.0.1"
      },
      "bin": {
        "sha.js": "bin.js"
      }
    },
    "node_modules/string_decoder": {
      "version": "1.3.0",
      "resolved": "https://artifactory.infrateam.xyz:443/artifactory/api/npm/npm/string_decoder/-/string_decoder-1.3.0.tgz",
      "integrity": "sha512-hkRX8U1WjJFd8LsDJ2yQ/wWWxaopEsABU1XfkM8A+j0+85JAGppt16cr1Whg6KIbb4okU6Mql6BOj+uup/wKeA==",
      "license": "MIT",
      "dependencies": {
        "safe-buffer": "~5.2.0"
      }
    },
    "node_modules/util-deprecate": {
      "version": "1.0.2",
      "resolved": "https://artifactory.infrateam.xyz:443/artifactory/api/npm/npm/util-deprecate/-/util-deprecate-1.0.2.tgz",
      "integrity": "sha512-EPD5q1uXyFxJpCrLnCc1nHnq3gOa6DZBocAIiI2TaSCA7VCJ1UJDMagCzIkXNsUYfD1daK//LTEQ8xiIbrHtcw==",
      "license": "MIT"
    }
  }
}
